
Microsoft Visual Studio Solution File, Format Version 12.00
# Visual Studio Version 16
VisualStudioVersion = 16.0.30717.126
MinimumVisualStudioVersion = 10.0.40219.1
Project("{FAE04EC0-301F-11D3-BF4B-00C04F79EFBC}") = "ReverseString", "ReverseString\ReverseString.csproj", "{F7C12C05-2FD5-4524-A154-EDAFC06A043F}"
EndProject
Global
	GlobalSection(SolutionConfigurationPlatforms) = preSolution
		Debug|Any CPU = Debug|Any CPU
		Release|Any CPU = Release|Any CPU
	EndGlobalSection
	GlobalSection(ProjectConfigurationPlatforms) = postSolution
		{F7C12C05-2FD5-4524-A154-EDAFC06A043F}.Debug|Any CPU.ActiveCfg = Debug|Any CPU
		{F7C12C05-2FD5-4524-A154-EDAFC06A043F}.Debug|Any CPU.Build.0 = Debug|Any CPU
		{F7C12C05-2FD5-4524-A154-EDAFC06A043F}.Release|Any CPU.ActiveCfg = Release|Any CPU
		{F7C12C05-2FD5-4524-A154-EDAFC06A043F}.Release|Any CPU.Build.0 = Release|Any CPU
	EndGlobalSection
	GlobalSection(SolutionProperties) = preSolution
		HideSolutionNode = FALSE
	EndGlobalSection
	GlobalSection(ExtensibilityGlobals) = postSolution
		SolutionGuid = {806624BA-C6AD-47EF-9A81-E1ACABE2B9D2}
	EndGlobalSection
EndGlobal
